
Microsoft Visual Studio Solution File, Format Version 12.00
# Visual Studio 15
VisualStudioVersion = 15.0.26430.16
MinimumVisualStudioVersion = 10.0.40219.1
Project("{9A19103F-16F7-4668-BE54-9A1E7A4F7556}") = "ContosoUniversityAngular", "ContosoUniversityAngular\ContosoUniversityAngular.csproj", "{46E01BA9-EDBC-490E-92BA-C05AE67DEA5E}"
EndProject
Project("{2150E333-8FDC-42A3-9474-1A3956D46DE8}") = "Solution Items", "Solution Items", "{33B0CC69-5DBF-4F58-805E-A7D38CE1F155}"
	ProjectSection(SolutionItems) = preProject
		bootstrap-3-custom-navigation-css.txt = bootstrap-3-custom-navigation-css.txt
		default-bootstrap-v4-variables.txt = default-bootstrap-v4-variables.txt
		Example-Telerik-JsonResult.json = Example-Telerik-JsonResult.json
		localhost-1499689313255.log = localhost-1499689313255.log
		readme.md = readme.md
	EndProjectSection
EndProject
Global
	GlobalSection(SolutionConfigurationPlatforms) = preSolution
		Debug|Any CPU = Debug|Any CPU
		Release|Any CPU = Release|Any CPU
	EndGlobalSection
	GlobalSection(ProjectConfigurationPlatforms) = postSolution
		{46E01BA9-EDBC-490E-92BA-C05AE67DEA5E}.Debug|Any CPU.ActiveCfg = Debug|Any CPU
		{46E01BA9-EDBC-490E-92BA-C05AE67DEA5E}.Debug|Any CPU.Build.0 = Debug|Any CPU
		{46E01BA9-EDBC-490E-92BA-C05AE67DEA5E}.Release|Any CPU.ActiveCfg = Release|Any CPU
		{46E01BA9-EDBC-490E-92BA-C05AE67DEA5E}.Release|Any CPU.Build.0 = Release|Any CPU
	EndGlobalSection
	GlobalSection(SolutionProperties) = preSolution
		HideSolutionNode = FALSE
	EndGlobalSection
EndGlobal
